
Microsoft Visual Studio Solution File, Format Version 12.00
# Visual Studio 15
VisualStudioVersion = 15.0.28010.2048
MinimumVisualStudioVersion = 10.0.40219.1
Project("{FAE04EC0-301F-11D3-BF4B-00C04F79EFBC}") = "Caster.Model", "Caster.Model\Caster.Model.csproj", "{AC9A990B-A0A3-472D-806A-A53007CD475A}"
EndProject
Global
	GlobalSection(SolutionConfigurationPlatforms) = preSolution
		Debug|Any CPU = Debug|Any CPU
		Release|Any CPU = Release|Any CPU
	EndGlobalSection
	GlobalSection(ProjectConfigurationPlatforms) = postSolution
		{AC9A990B-A0A3-472D-806A-A53007CD475A}.Debug|Any CPU.ActiveCfg = Debug|Any CPU
		{AC9A990B-A0A3-472D-806A-A53007CD475A}.Debug|Any CPU.Build.0 = Debug|Any CPU
		{AC9A990B-A0A3-472D-806A-A53007CD475A}.Release|Any CPU.ActiveCfg = Release|Any CPU
		{AC9A990B-A0A3-472D-806A-A53007CD475A}.Release|Any CPU.Build.0 = Release|Any CPU
	EndGlobalSection
	GlobalSection(SolutionProperties) = preSolution
		HideSolutionNode = FALSE
	EndGlobalSection
	GlobalSection(ExtensibilityGlobals) = postSolution
		SolutionGuid = {7D62E3C9-93FB-434A-AFCC-FBAD568D0347}
	EndGlobalSection
EndGlobal
